// !$*UTF8*$!
{
	archiveVersion = 1;
	classes = {
	};
	objectVersion = 56;
	objects = {

/* Begin PBXBuildFile section */
		9C961FBE2BB0351E00D7C9DB /* Constants.swift in Sources */ = {isa = PBXBuildFile; fileRef = 9C961FBD2BB0351E00D7C9DB /* Constants.swift */; };
		9C961FC02BB0461600D7C9DB /* CurrentWeatherView.swift in Sources */ = {isa = PBXBuildFile; fileRef = 9C961FBF2BB0461500D7C9DB /* CurrentWeatherView.swift */; };
		9C961FC22BB062AE00D7C9DB /* CityWeatherSection.swift in Sources */ = {isa = PBXBuildFile; fileRef = 9C961FC12BB062AE00D7C9DB /* CityWeatherSection.swift */; };
		9C961FC52BB0742300D7C9DB /* CurrentWeatherCollectionViewCell.swift in Sources */ = {isa = PBXBuildFile; fileRef = 9C961FC42BB0742300D7C9DB /* CurrentWeatherCollectionViewCell.swift */; };
		9C961FC72BB074A900D7C9DB /* HourlyWeatherCollectionViewCell.swift in Sources */ = {isa = PBXBuildFile; fileRef = 9C961FC62BB074A900D7C9DB /* HourlyWeatherCollectionViewCell.swift */; };
		9C961FC92BB074BC00D7C9DB /* DailyWeatherCollectionViewCell.swift in Sources */ = {isa = PBXBuildFile; fileRef = 9C961FC82BB074BC00D7C9DB /* DailyWeatherCollectionViewCell.swift */; };
		9C961FCB2BB08E3F00D7C9DB /* UIColor+Extension.swift in Sources */ = {isa = PBXBuildFile; fileRef = 9C961FCA2BB08E3F00D7C9DB /* UIColor+Extension.swift */; };
		9C961FCF2BB09CE200D7C9DB /* UILabel+Extension.swift in Sources */ = {isa = PBXBuildFile; fileRef = 9C961FCE2BB09CE200D7C9DB /* UILabel+Extension.swift */; };
		9C961FD12BB0A59200D7C9DB /* Double+Extension.swift in Sources */ = {isa = PBXBuildFile; fileRef = 9C961FD02BB0A59200D7C9DB /* Double+Extension.swift */; };
		9C961FD32BB0AEA100D7C9DB /* UIImageView+Extension.swift in Sources */ = {isa = PBXBuildFile; fileRef = 9C961FD22BB0AEA100D7C9DB /* UIImageView+Extension.swift */; };
		9CA36E0B2BADC22E00ABB3AD /* AppDelegate.swift in Sources */ = {isa = PBXBuildFile; fileRef = 9CA36E0A2BADC22E00ABB3AD /* AppDelegate.swift */; };
		9CA36E0D2BADC22E00ABB3AD /* SceneDelegate.swift in Sources */ = {isa = PBXBuildFile; fileRef = 9CA36E0C2BADC22E00ABB3AD /* SceneDelegate.swift */; };
		9CA36E142BADC22F00ABB3AD /* Assets.xcassets in Resources */ = {isa = PBXBuildFile; fileRef = 9CA36E132BADC22F00ABB3AD /* Assets.xcassets */; };
		9CA36E172BADC22F00ABB3AD /* LaunchScreen.storyboard in Resources */ = {isa = PBXBuildFile; fileRef = 9CA36E152BADC22F00ABB3AD /* LaunchScreen.storyboard */; };
		9CA36E2B2BAE11E600ABB3AD /* MainViewController.swift in Sources */ = {isa = PBXBuildFile; fileRef = 9CA36E2A2BAE11E600ABB3AD /* MainViewController.swift */; };
		9CA36E2D2BAE2A7000ABB3AD /* AppGraph.swift in Sources */ = {isa = PBXBuildFile; fileRef = 9CA36E2C2BAE2A6F00ABB3AD /* AppGraph.swift */; };
		9CA36E2F2BAE2C5800ABB3AD /* ViewController+Extension.swift in Sources */ = {isa = PBXBuildFile; fileRef = 9CA36E2E2BAE2C5800ABB3AD /* ViewController+Extension.swift */; };
		9CA36E312BAE44B100ABB3AD /* CityWeatherViewController.swift in Sources */ = {isa = PBXBuildFile; fileRef = 9CA36E302BAE44B100ABB3AD /* CityWeatherViewController.swift */; };
		9CA36E352BAE4A6000ABB3AD /* ApiManager.swift in Sources */ = {isa = PBXBuildFile; fileRef = 9CA36E342BAE4A6000ABB3AD /* ApiManager.swift */; };
		9CA36E372BAEEEE400ABB3AD /* LocationManager.swift in Sources */ = {isa = PBXBuildFile; fileRef = 9CA36E362BAEEEE400ABB3AD /* LocationManager.swift */; };
		9CA36E3C2BAF151600ABB3AD /* Weather.swift in Sources */ = {isa = PBXBuildFile; fileRef = 9CA36E3B2BAF151600ABB3AD /* Weather.swift */; };
		9CA36E402BAF282200ABB3AD /* Coordinates.swift in Sources */ = {isa = PBXBuildFile; fileRef = 9CA36E3F2BAF282200ABB3AD /* Coordinates.swift */; };
		9CA36E422BAF472900ABB3AD /* Coordinates+Extension.swift in Sources */ = {isa = PBXBuildFile; fileRef = 9CA36E412BAF472900ABB3AD /* Coordinates+Extension.swift */; };
/* End PBXBuildFile section */

/* Begin PBXFileReference section */
		9C961FBD2BB0351E00D7C9DB /* Constants.swift */ = {isa = PBXFileReference; lastKnownFileType = sourcecode.swift; path = Constants.swift; sourceTree = "<group>"; };
		9C961FBF2BB0461500D7C9DB /* CurrentWeatherView.swift */ = {isa = PBXFileReference; lastKnownFileType = sourcecode.swift; path = CurrentWeatherView.swift; sourceTree = "<group>"; };
		9C961FC12BB062AE00D7C9DB /* CityWeatherSection.swift */ = {isa = PBXFileReference; lastKnownFileType = sourcecode.swift; path = CityWeatherSection.swift; sourceTree = "<group>"; };
		9C961FC42BB0742300D7C9DB /* CurrentWeatherCollectionViewCell.swift */ = {isa = PBXFileReference; lastKnownFileType = sourcecode.swift; path = CurrentWeatherCollectionViewCell.swift; sourceTree = "<group>"; };
		9C961FC62BB074A900D7C9DB /* HourlyWeatherCollectionViewCell.swift */ = {isa = PBXFileReference; lastKnownFileType = sourcecode.swift; path = HourlyWeatherCollectionViewCell.swift; sourceTree = "<group>"; };
		9C961FC82BB074BC00D7C9DB /* DailyWeatherCollectionViewCell.swift */ = {isa = PBXFileReference; lastKnownFileType = sourcecode.swift; path = DailyWeatherCollectionViewCell.swift; sourceTree = "<group>"; };
		9C961FCA2BB08E3F00D7C9DB /* UIColor+Extension.swift */ = {isa = PBXFileReference; lastKnownFileType = sourcecode.swift; path = "UIColor+Extension.swift"; sourceTree = "<group>"; };
		9C961FCE2BB09CE200D7C9DB /* UILabel+Extension.swift */ = {isa = PBXFileReference; lastKnownFileType = sourcecode.swift; path = "UILabel+Extension.swift"; sourceTree = "<group>"; };
		9C961FD02BB0A59200D7C9DB /* Double+Extension.swift */ = {isa = PBXFileReference; lastKnownFileType = sourcecode.swift; path = "Double+Extension.swift"; sourceTree = "<group>"; };
		9C961FD22BB0AEA100D7C9DB /* UIImageView+Extension.swift */ = {isa = PBXFileReference; lastKnownFileType = sourcecode.swift; path = "UIImageView+Extension.swift"; sourceTree = "<group>"; };
		9CA36E072BADC22E00ABB3AD /* WeatherApp.app */ = {isa = PBXFileReference; explicitFileType = wrapper.application; includeInIndex = 0; path = WeatherApp.app; sourceTree = BUILT_PRODUCTS_DIR; };
		9CA36E0A2BADC22E00ABB3AD /* AppDelegate.swift */ = {isa = PBXFileReference; lastKnownFileType = sourcecode.swift; path = AppDelegate.swift; sourceTree = "<group>"; };
		9CA36E0C2BADC22E00ABB3AD /* SceneDelegate.swift */ = {isa = PBXFileReference; lastKnownFileType = sourcecode.swift; path = SceneDelegate.swift; sourceTree = "<group>"; };
		9CA36E132BADC22F00ABB3AD /* Assets.xcassets */ = {isa = PBXFileReference; lastKnownFileType = folder.assetcatalog; path = Assets.xcassets; sourceTree = "<group>"; };
		9CA36E162BADC22F00ABB3AD /* Base */ = {isa = PBXFileReference; lastKnownFileType = file.storyboard; name = Base; path = Base.lproj/LaunchScreen.storyboard; sourceTree = "<group>"; };
		9CA36E182BADC22F00ABB3AD /* Info.plist */ = {isa = PBXFileReference; lastKnownFileType = text.plist.xml; path = Info.plist; sourceTree = "<group>"; };
		9CA36E2A2BAE11E600ABB3AD /* MainViewController.swift */ = {isa = PBXFileReference; lastKnownFileType = sourcecode.swift; path = MainViewController.swift; sourceTree = "<group>"; };
		9CA36E2C2BAE2A6F00ABB3AD /* AppGraph.swift */ = {isa = PBXFileReference; lastKnownFileType = sourcecode.swift; path = AppGraph.swift; sourceTree = "<group>"; };
		9CA36E2E2BAE2C5800ABB3AD /* ViewController+Extension.swift */ = {isa = PBXFileReference; lastKnownFileType = sourcecode.swift; path = "ViewController+Extension.swift"; sourceTree = "<group>"; };
		9CA36E302BAE44B100ABB3AD /* CityWeatherViewController.swift */ = {isa = PBXFileReference; lastKnownFileType = sourcecode.swift; path = CityWeatherViewController.swift; sourceTree = "<group>"; };
		9CA36E342BAE4A6000ABB3AD /* ApiManager.swift */ = {isa = PBXFileReference; lastKnownFileType = sourcecode.swift; path = ApiManager.swift; sourceTree = "<group>"; };
		9CA36E362BAEEEE400ABB3AD /* LocationManager.swift */ = {isa = PBXFileReference; lastKnownFileType = sourcecode.swift; path = LocationManager.swift; sourceTree = "<group>"; };
		9CA36E3B2BAF151600ABB3AD /* Weather.swift */ = {isa = PBXFileReference; lastKnownFileType = sourcecode.swift; path = Weather.swift; sourceTree = "<group>"; };
		9CA36E3F2BAF282200ABB3AD /* Coordinates.swift */ = {isa = PBXFileReference; lastKnownFileType = sourcecode.swift; path = Coordinates.swift; sourceTree = "<group>"; };
		9CA36E412BAF472900ABB3AD /* Coordinates+Extension.swift */ = {isa = PBXFileReference; lastKnownFileType = sourcecode.swift; path = "Coordinates+Extension.swift"; sourceTree = "<group>"; };
/* End PBXFileReference section */

/* Begin PBXFrameworksBuildPhase section */
		9CA36E042BADC22E00ABB3AD /* Frameworks */ = {
			isa = PBXFrameworksBuildPhase;
			buildActionMask = 2147483647;
			files = (
			);
			runOnlyForDeploymentPostprocessing = 0;
		};
/* End PBXFrameworksBuildPhase section */

/* Begin PBXGroup section */
		9C961FBC2BB034EE00D7C9DB /* Utilties */ = {
			isa = PBXGroup;
			children = (
				9CA36E3F2BAF282200ABB3AD /* Coordinates.swift */,
				9C961FBD2BB0351E00D7C9DB /* Constants.swift */,
			);
			path = Utilties;
			sourceTree = "<group>";
		};
		9C961FC32BB0638100D7C9DB /* WeatherCells */ = {
			isa = PBXGroup;
			children = (
				9C961FC42BB0742300D7C9DB /* CurrentWeatherCollectionViewCell.swift */,
				9C961FC62BB074A900D7C9DB /* HourlyWeatherCollectionViewCell.swift */,
				9C961FC82BB074BC00D7C9DB /* DailyWeatherCollectionViewCell.swift */,
			);
			path = WeatherCells;
			sourceTree = "<group>";
		};
		9CA36DFE2BADC22E00ABB3AD = {
			isa = PBXGroup;
			children = (
				9CA36E092BADC22E00ABB3AD /* WeatherApp */,
				9CA36E082BADC22E00ABB3AD /* Products */,
			);
			sourceTree = "<group>";
		};
		9CA36E082BADC22E00ABB3AD /* Products */ = {
			isa = PBXGroup;
			children = (
				9CA36E072BADC22E00ABB3AD /* WeatherApp.app */,
			);
			name = Products;
			sourceTree = "<group>";
		};
		9CA36E092BADC22E00ABB3AD /* WeatherApp */ = {
			isa = PBXGroup;
			children = (
				9C961FBC2BB034EE00D7C9DB /* Utilties */,
				9CA36E232BADC3A400ABB3AD /* Managers */,
				9CA36E222BADC36100ABB3AD /* Resources */,
				9CA36E212BADC35700ABB3AD /* Views */,
				9CA36E202BADC35000ABB3AD /* Controllers */,
				9CA36E1F2BADC34900ABB3AD /* Models */,
				9CA36E1E2BADC33E00ABB3AD /* Extensions */,
				9CA36E182BADC22F00ABB3AD /* Info.plist */,
			);
			path = WeatherApp;
			sourceTree = "<group>";
		};
		9CA36E1E2BADC33E00ABB3AD /* Extensions */ = {
			isa = PBXGroup;
			children = (
				9CA36E2E2BAE2C5800ABB3AD /* ViewController+Extension.swift */,
				9CA36E412BAF472900ABB3AD /* Coordinates+Extension.swift */,
				9C961FCA2BB08E3F00D7C9DB /* UIColor+Extension.swift */,
				9C961FCE2BB09CE200D7C9DB /* UILabel+Extension.swift */,
				9C961FD02BB0A59200D7C9DB /* Double+Extension.swift */,
				9C961FD22BB0AEA100D7C9DB /* UIImageView+Extension.swift */,
			);
			path = Extensions;
			sourceTree = "<group>";
		};
		9CA36E1F2BADC34900ABB3AD /* Models */ = {
			isa = PBXGroup;
			children = (
				9C961FC12BB062AE00D7C9DB /* CityWeatherSection.swift */,
				9CA36E3B2BAF151600ABB3AD /* Weather.swift */,
			);
			path = Models;
			sourceTree = "<group>";
		};
		9CA36E202BADC35000ABB3AD /* Controllers */ = {
			isa = PBXGroup;
			children = (
				9CA36E2A2BAE11E600ABB3AD /* MainViewController.swift */,
				9CA36E302BAE44B100ABB3AD /* CityWeatherViewController.swift */,
			);
			path = Controllers;
			sourceTree = "<group>";
		};
		9CA36E212BADC35700ABB3AD /* Views */ = {
			isa = PBXGroup;
			children = (
				9C961FC32BB0638100D7C9DB /* WeatherCells */,
				9C961FBF2BB0461500D7C9DB /* CurrentWeatherView.swift */,
			);
			path = Views;
			sourceTree = "<group>";
		};
		9CA36E222BADC36100ABB3AD /* Resources */ = {
			isa = PBXGroup;
			children = (
				9CA36E0A2BADC22E00ABB3AD /* AppDelegate.swift */,
				9CA36E0C2BADC22E00ABB3AD /* SceneDelegate.swift */,
				9CA36E132BADC22F00ABB3AD /* Assets.xcassets */,
				9CA36E152BADC22F00ABB3AD /* LaunchScreen.storyboard */,
				9CA36E2C2BAE2A6F00ABB3AD /* AppGraph.swift */,
			);
			path = Resources;
			sourceTree = "<group>";
		};
		9CA36E232BADC3A400ABB3AD /* Managers */ = {
			isa = PBXGroup;
			children = (
				9CA36E342BAE4A6000ABB3AD /* ApiManager.swift */,
				9CA36E362BAEEEE400ABB3AD /* LocationManager.swift */,
			);
			path = Managers;
			sourceTree = "<group>";
		};
/* End PBXGroup section */

/* Begin PBXNativeTarget section */
		9CA36E062BADC22E00ABB3AD /* WeatherApp */ = {
			isa = PBXNativeTarget;
			buildConfigurationList = 9CA36E1B2BADC22F00ABB3AD /* Build configuration list for PBXNativeTarget "WeatherApp" */;
			buildPhases = (
				9CA36E032BADC22E00ABB3AD /* Sources */,
				9CA36E042BADC22E00ABB3AD /* Frameworks */,
				9CA36E052BADC22E00ABB3AD /* Resources */,
			);
			buildRules = (
			);
			dependencies = (
			);
			name = WeatherApp;
			productName = WeatherApp;
			productReference = 9CA36E072BADC22E00ABB3AD /* WeatherApp.app */;
			productType = "com.apple.product-type.application";
		};
/* End PBXNativeTarget section */

/* Begin PBXProject section */
		9CA36DFF2BADC22E00ABB3AD /* Project object */ = {
			isa = PBXProject;
			attributes = {
				BuildIndependentTargetsInParallel = 1;
				LastSwiftUpdateCheck = 1520;
				LastUpgradeCheck = 1520;
				TargetAttributes = {
					9CA36E062BADC22E00ABB3AD = {
						CreatedOnToolsVersion = 15.2;
					};
				};
			};
			buildConfigurationList = 9CA36E022BADC22E00ABB3AD /* Build configuration list for PBXProject "WeatherApp" */;
			compatibilityVersion = "Xcode 14.0";
			developmentRegion = en;
			hasScannedForEncodings = 0;
			knownRegions = (
				en,
				Base,
			);
			mainGroup = 9CA36DFE2BADC22E00ABB3AD;
			productRefGroup = 9CA36E082BADC22E00ABB3AD /* Products */;
			projectDirPath = "";
			projectRoot = "";
			targets = (
				9CA36E062BADC22E00ABB3AD /* WeatherApp */,
			);
		};
/* End PBXProject section */

/* Begin PBXResourcesBuildPhase section */
		9CA36E052BADC22E00ABB3AD /* Resources */ = {
			isa = PBXResourcesBuildPhase;
			buildActionMask = 2147483647;
			files = (
				9CA36E172BADC22F00ABB3AD /* LaunchScreen.storyboard in Resources */,
				9CA36E142BADC22F00ABB3AD /* Assets.xcassets in Resources */,
			);
			runOnlyForDeploymentPostprocessing = 0;
		};
/* End PBXResourcesBuildPhase section */

/* Begin PBXSourcesBuildPhase section */
		9CA36E032BADC22E00ABB3AD /* Sources */ = {
			isa = PBXSourcesBuildPhase;
			buildActionMask = 2147483647;
			files = (
				9C961FC72BB074A900D7C9DB /* HourlyWeatherCollectionViewCell.swift in Sources */,
				9CA36E352BAE4A6000ABB3AD /* ApiManager.swift in Sources */,
				9C961FD12BB0A59200D7C9DB /* Double+Extension.swift in Sources */,
				9CA36E2F2BAE2C5800ABB3AD /* ViewController+Extension.swift in Sources */,
				9CA36E2B2BAE11E600ABB3AD /* MainViewController.swift in Sources */,
				9C961FBE2BB0351E00D7C9DB /* Constants.swift in Sources */,
				9CA36E402BAF282200ABB3AD /* Coordinates.swift in Sources */,
				9CA36E312BAE44B100ABB3AD /* CityWeatherViewController.swift in Sources */,
				9C961FC92BB074BC00D7C9DB /* DailyWeatherCollectionViewCell.swift in Sources */,
				9CA36E0B2BADC22E00ABB3AD /* AppDelegate.swift in Sources */,
				9CA36E3C2BAF151600ABB3AD /* Weather.swift in Sources */,
				9CA36E2D2BAE2A7000ABB3AD /* AppGraph.swift in Sources */,
				9C961FCF2BB09CE200D7C9DB /* UILabel+Extension.swift in Sources */,
				9C961FC22BB062AE00D7C9DB /* CityWeatherSection.swift in Sources */,
				9C961FC52BB0742300D7C9DB /* CurrentWeatherCollectionViewCell.swift in Sources */,
				9CA36E372BAEEEE400ABB3AD /* LocationManager.swift in Sources */,
				9C961FC02BB0461600D7C9DB /* CurrentWeatherView.swift in Sources */,
				9C961FD32BB0AEA100D7C9DB /* UIImageView+Extension.swift in Sources */,
				9CA36E422BAF472900ABB3AD /* Coordinates+Extension.swift in Sources */,
				9C961FCB2BB08E3F00D7C9DB /* UIColor+Extension.swift in Sources */,
				9CA36E0D2BADC22E00ABB3AD /* SceneDelegate.swift in Sources */,
			);
			runOnlyForDeploymentPostprocessing = 0;
		};
/* End PBXSourcesBuildPhase section */

/* Begin PBXVariantGroup section */
		9CA36E152BADC22F00ABB3AD /* LaunchScreen.storyboard */ = {
			isa = PBXVariantGroup;
			children = (
				9CA36E162BADC22F00ABB3AD /* Base */,
			);
			name = LaunchScreen.storyboard;
			sourceTree = "<group>";
		};
/* End PBXVariantGroup section */

/* Begin XCBuildConfiguration section */
		9CA36E192BADC22F00ABB3AD /* Debug */ = {
			isa = XCBuildConfiguration;
			buildSettings = {
				ALWAYS_SEARCH_USER_PATHS = NO;
				ASSETCATALOG_COMPILER_GENERATE_SWIFT_ASSET_SYMBOL_EXTENSIONS = YES;
				CLANG_ANALYZER_NONNULL = YES;
				CLANG_ANALYZER_NUMBER_OBJECT_CONVERSION = YES_AGGRESSIVE;
				CLANG_CXX_LANGUAGE_STANDARD = "gnu++20";
				CLANG_ENABLE_MODULES = YES;
				CLANG_ENABLE_OBJC_ARC = YES;
				CLANG_ENABLE_OBJC_WEAK = YES;
				CLANG_WARN_BLOCK_CAPTURE_AUTORELEASING = YES;
				CLANG_WARN_BOOL_CONVERSION = YES;
				CLANG_WARN_COMMA = YES;
				CLANG_WARN_CONSTANT_CONVERSION = YES;
				CLANG_WARN_DEPRECATED_OBJC_IMPLEMENTATIONS = YES;
				CLANG_WARN_DIRECT_OBJC_ISA_USAGE = YES_ERROR;
				CLANG_WARN_DOCUMENTATION_COMMENTS = YES;
				CLANG_WARN_EMPTY_BODY = YES;
				CLANG_WARN_ENUM_CONVERSION = YES;
				CLANG_WARN_INFINITE_RECURSION = YES;
				CLANG_WARN_INT_CONVERSION = YES;
				CLANG_WARN_NON_LITERAL_NULL_CONVERSION = YES;
				CLANG_WARN_OBJC_IMPLICIT_RETAIN_SELF = YES;
				CLANG_WARN_OBJC_LITERAL_CONVERSION = YES;
				CLANG_WARN_OBJC_ROOT_CLASS = YES_ERROR;
				CLANG_WARN_QUOTED_INCLUDE_IN_FRAMEWORK_HEADER = YES;
				CLANG_WARN_RANGE_LOOP_ANALYSIS = YES;
				CLANG_WARN_STRICT_PROTOTYPES = YES;
				CLANG_WARN_SUSPICIOUS_MOVE = YES;
				CLANG_WARN_UNGUARDED_AVAILABILITY = YES_AGGRESSIVE;
				CLANG_WARN_UNREACHABLE_CODE = YES;
				CLANG_WARN__DUPLICATE_METHOD_MATCH = YES;
				COPY_PHASE_STRIP = NO;
				DEBUG_INFORMATION_FORMAT = dwarf;
				ENABLE_STRICT_OBJC_MSGSEND = YES;
				ENABLE_TESTABILITY = YES;
				ENABLE_USER_SCRIPT_SANDBOXING = YES;
				GCC_C_LANGUAGE_STANDARD = gnu17;
				GCC_DYNAMIC_NO_PIC = NO;
				GCC_NO_COMMON_BLOCKS = YES;
				GCC_OPTIMIZATION_LEVEL = 0;
				GCC_PREPROCESSOR_DEFINITIONS = (
					"DEBUG=1",
					"$(inherited)",
				);
				GCC_WARN_64_TO_32_BIT_CONVERSION = YES;
				GCC_WARN_ABOUT_RETURN_TYPE = YES_ERROR;
				GCC_WARN_UNDECLARED_SELECTOR = YES;
				GCC_WARN_UNINITIALIZED_AUTOS = YES_AGGRESSIVE;
				GCC_WARN_UNUSED_FUNCTION = YES;
				GCC_WARN_UNUSED_VARIABLE = YES;
				IPHONEOS_DEPLOYMENT_TARGET = 17.2;
				LOCALIZATION_PREFERS_STRING_CATALOGS = YES;
				MTL_ENABLE_DEBUG_INFO = INCLUDE_SOURCE;
				MTL_FAST_MATH = YES;
				ONLY_ACTIVE_ARCH = YES;
				SDKROOT = iphoneos;
				SWIFT_ACTIVE_COMPILATION_CONDITIONS = "DEBUG $(inherited)";
				SWIFT_OPTIMIZATION_LEVEL = "-Onone";
			};
			name = Debug;
		};
		9CA36E1A2BADC22F00ABB3AD /* Release */ = {
			isa = XCBuildConfiguration;
			buildSettings = {
				ALWAYS_SEARCH_USER_PATHS = NO;
				ASSETCATALOG_COMPILER_GENERATE_SWIFT_ASSET_SYMBOL_EXTENSIONS = YES;
				CLANG_ANALYZER_NONNULL = YES;
				CLANG_ANALYZER_NUMBER_OBJECT_CONVERSION = YES_AGGRESSIVE;
				CLANG_CXX_LANGUAGE_STANDARD = "gnu++20";
				CLANG_ENABLE_MODULES = YES;
				CLANG_ENABLE_OBJC_ARC = YES;
				CLANG_ENABLE_OBJC_WEAK = YES;
				CLANG_WARN_BLOCK_CAPTURE_AUTORELEASING = YES;
				CLANG_WARN_BOOL_CONVERSION = YES;
				CLANG_WARN_COMMA = YES;
				CLANG_WARN_CONSTANT_CONVERSION = YES;
				CLANG_WARN_DEPRECATED_OBJC_IMPLEMENTATIONS = YES;
				CLANG_WARN_DIRECT_OBJC_ISA_USAGE = YES_ERROR;
				CLANG_WARN_DOCUMENTATION_COMMENTS = YES;
				CLANG_WARN_EMPTY_BODY = YES;
				CLANG_WARN_ENUM_CONVERSION = YES;
				CLANG_WARN_INFINITE_RECURSION = YES;
				CLANG_WARN_INT_CONVERSION = YES;
				CLANG_WARN_NON_LITERAL_NULL_CONVERSION = YES;
				CLANG_WARN_OBJC_IMPLICIT_RETAIN_SELF = YES;
				CLANG_WARN_OBJC_LITERAL_CONVERSION = YES;
				CLANG_WARN_OBJC_ROOT_CLASS = YES_ERROR;
				CLANG_WARN_QUOTED_INCLUDE_IN_FRAMEWORK_HEADER = YES;
				CLANG_WARN_RANGE_LOOP_ANALYSIS = YES;
				CLANG_WARN_STRICT_PROTOTYPES = YES;
				CLANG_WARN_SUSPICIOUS_MOVE = YES;
				CLANG_WARN_UNGUARDED_AVAILABILITY = YES_AGGRESSIVE;
				CLANG_WARN_UNREACHABLE_CODE = YES;
				CLANG_WARN__DUPLICATE_METHOD_MATCH = YES;
				COPY_PHASE_STRIP = NO;
				DEBUG_INFORMATION_FORMAT = "dwarf-with-dsym";
				ENABLE_NS_ASSERTIONS = NO;
				ENABLE_STRICT_OBJC_MSGSEND = YES;
				ENABLE_USER_SCRIPT_SANDBOXING = YES;
				GCC_C_LANGUAGE_STANDARD = gnu17;
				GCC_NO_COMMON_BLOCKS = YES;
				GCC_WARN_64_TO_32_BIT_CONVERSION = YES;
				GCC_WARN_ABOUT_RETURN_TYPE = YES_ERROR;
				GCC_WARN_UNDECLARED_SELECTOR = YES;
				GCC_WARN_UNINITIALIZED_AUTOS = YES_AGGRESSIVE;
				GCC_WARN_UNUSED_FUNCTION = YES;
				GCC_WARN_UNUSED_VARIABLE = YES;
				IPHONEOS_DEPLOYMENT_TARGET = 17.2;
				LOCALIZATION_PREFERS_STRING_CATALOGS = YES;
				MTL_ENABLE_DEBUG_INFO = NO;
				MTL_FAST_MATH = YES;
				SDKROOT = iphoneos;
				SWIFT_COMPILATION_MODE = wholemodule;
				VALIDATE_PRODUCT = YES;
			};
			name = Release;
		};
		9CA36E1C2BADC22F00ABB3AD /* Debug */ = {
			isa = XCBuildConfiguration;
			buildSettings = {
				ASSETCATALOG_COMPILER_APPICON_NAME = AppIcon;
				ASSETCATALOG_COMPILER_GLOBAL_ACCENT_COLOR_NAME = AccentColor;
				CODE_SIGN_STYLE = Automatic;
				CURRENT_PROJECT_VERSION = 1;
				DEVELOPMENT_TEAM = 5XH9Q7B5Z4;
				GENERATE_INFOPLIST_FILE = YES;
				INFOPLIST_FILE = WeatherApp/Info.plist;
				INFOPLIST_KEY_NSLocationWhenInUseUsageDescription = Descriptionss;
				INFOPLIST_KEY_UIApplicationSupportsIndirectInputEvents = YES;
				INFOPLIST_KEY_UILaunchStoryboardName = LaunchScreen;
				INFOPLIST_KEY_UISupportedInterfaceOrientations = UIInterfaceOrientationPortrait;
				INFOPLIST_KEY_UISupportedInterfaceOrientations_iPad = "UIInterfaceOrientationLandscapeLeft UIInterfaceOrientationLandscapeRight UIInterfaceOrientationPortrait UIInterfaceOrientationPortraitUpsideDown";
				IPHONEOS_DEPLOYMENT_TARGET = 15.0;
				LD_RUNPATH_SEARCH_PATHS = (
					"$(inherited)",
					"@executable_path/Frameworks",
				);
				MARKETING_VERSION = 1.0;
				PRODUCT_BUNDLE_IDENTIFIER = Belyakov.WeatherApp;
				PRODUCT_NAME = "$(TARGET_NAME)";
				SUPPORTED_PLATFORMS = "iphoneos iphonesimulator";
				SUPPORTS_MACCATALYST = NO;
				SUPPORTS_MAC_DESIGNED_FOR_IPHONE_IPAD = NO;
				SUPPORTS_XR_DESIGNED_FOR_IPHONE_IPAD = NO;
				SWIFT_EMIT_LOC_STRINGS = YES;
				SWIFT_VERSION = 5.0;
				TARGETED_DEVICE_FAMILY = 1;
			};
			name = Debug;
		};
		9CA36E1D2BADC22F00ABB3AD /* Release */ = {
			isa = XCBuildConfiguration;
			buildSettings = {
				ASSETCATALOG_COMPILER_APPICON_NAME = AppIcon;
				ASSETCATALOG_COMPILER_GLOBAL_ACCENT_COLOR_NAME = AccentColor;
				CODE_SIGN_STYLE = Automatic;
				CURRENT_PROJECT_VERSION = 1;
				DEVELOPMENT_TEAM = 5XH9Q7B5Z4;
				GENERATE_INFOPLIST_FILE = YES;
				INFOPLIST_FILE = WeatherApp/Info.plist;
				INFOPLIST_KEY_NSLocationWhenInUseUsageDescription = Descriptionss;
				INFOPLIST_KEY_UIApplicationSupportsIndirectInputEvents = YES;
				INFOPLIST_KEY_UILaunchStoryboardName = LaunchScreen;
				INFOPLIST_KEY_UISupportedInterfaceOrientations = UIInterfaceOrientationPortrait;
				INFOPLIST_KEY_UISupportedInterfaceOrientations_iPad = "UIInterfaceOrientationLandscapeLeft UIInterfaceOrientationLandscapeRight UIInterfaceOrientationPortrait UIInterfaceOrientationPortraitUpsideDown";
				IPHONEOS_DEPLOYMENT_TARGET = 15.0;
				LD_RUNPATH_SEARCH_PATHS = (
					"$(inherited)",
					"@executable_path/Frameworks",
				);
				MARKETING_VERSION = 1.0;
				PRODUCT_BUNDLE_IDENTIFIER = Belyakov.WeatherApp;
				PRODUCT_NAME = "$(TARGET_NAME)";
				SUPPORTED_PLATFORMS = "iphoneos iphonesimulator";
				SUPPORTS_MACCATALYST = NO;
				SUPPORTS_MAC_DESIGNED_FOR_IPHONE_IPAD = NO;
				SUPPORTS_XR_DESIGNED_FOR_IPHONE_IPAD = NO;
				SWIFT_EMIT_LOC_STRINGS = YES;
				SWIFT_VERSION = 5.0;
				TARGETED_DEVICE_FAMILY = 1;
			};
			name = Release;
		};
/* End XCBuildConfiguration section */

/* Begin XCConfigurationList section */
		9CA36E022BADC22E00ABB3AD /* Build configuration list for PBXProject "WeatherApp" */ = {
			isa = XCConfigurationList;
			buildConfigurations = (
				9CA36E192BADC22F00ABB3AD /* Debug */,
				9CA36E1A2BADC22F00ABB3AD /* Release */,
			);
			defaultConfigurationIsVisible = 0;
			defaultConfigurationName = Release;
		};
		9CA36E1B2BADC22F00ABB3AD /* Build configuration list for PBXNativeTarget "WeatherApp" */ = {
			isa = XCConfigurationList;
			buildConfigurations = (
				9CA36E1C2BADC22F00ABB3AD /* Debug */,
				9CA36E1D2BADC22F00ABB3AD /* Release */,
			);
			defaultConfigurationIsVisible = 0;
			defaultConfigurationName = Release;
		};
/* End XCConfigurationList section */
	};
	rootObject = 9CA36DFF2BADC22E00ABB3AD /* Project object */;
}
